// !$*UTF8*$!
{
	archiveVersion = 1;
	classes = {
	};
	objectVersion = 55;
	objects = {

/* Begin PBXBuildFile section */
		8339420927AEE53000B428FB /* QuizEngineiOS.framework in Frameworks */ = {isa = PBXBuildFile; fileRef = 8339420827AEE53000B428FB /* QuizEngineiOS.framework */; };
		8339420A27AEE53000B428FB /* QuizEngineiOS.framework in Embed Frameworks */ = {isa = PBXBuildFile; fileRef = 8339420827AEE53000B428FB /* QuizEngineiOS.framework */; settings = {ATTRIBUTES = (CodeSignOnCopy, RemoveHeadersOnCopy, ); }; };
		835B311B27A90BB70055791F /* AppDelegate.swift in Sources */ = {isa = PBXBuildFile; fileRef = 835B311A27A90BB70055791F /* AppDelegate.swift */; };
		835B311D27A90BB70055791F /* SceneDelegate.swift in Sources */ = {isa = PBXBuildFile; fileRef = 835B311C27A90BB70055791F /* SceneDelegate.swift */; };
		835B312427A90BB80055791F /* Assets.xcassets in Resources */ = {isa = PBXBuildFile; fileRef = 835B312327A90BB80055791F /* Assets.xcassets */; };
		835B312727A90BB80055791F /* LaunchScreen.storyboard in Resources */ = {isa = PBXBuildFile; fileRef = 835B312527A90BB80055791F /* LaunchScreen.storyboard */; };
		8367F31A27AFA6CF00BCDF68 /* NavigationControllerRouterTest.swift in Sources */ = {isa = PBXBuildFile; fileRef = 8367F31927AFA6CF00BCDF68 /* NavigationControllerRouterTest.swift */; };
		8367F31C27AFA76F00BCDF68 /* NavigationControllerRouter.swift in Sources */ = {isa = PBXBuildFile; fileRef = 8367F31B27AFA76F00BCDF68 /* NavigationControllerRouter.swift */; };
		8382C3B227AE6F1A00C648D6 /* UITableViewExtensions.swift in Sources */ = {isa = PBXBuildFile; fileRef = 8382C3B127AE6F1A00C648D6 /* UITableViewExtensions.swift */; };
		8382C3B427AE6F3C00C648D6 /* PresentableAnswer.swift in Sources */ = {isa = PBXBuildFile; fileRef = 8382C3B327AE6F3C00C648D6 /* PresentableAnswer.swift */; };
		8382C3B627AE6F4D00C648D6 /* CorrectAnswerCell.swift in Sources */ = {isa = PBXBuildFile; fileRef = 8382C3B527AE6F4D00C648D6 /* CorrectAnswerCell.swift */; };
		8382C3B827AE6F6400C648D6 /* WrongAnswerCell.swift in Sources */ = {isa = PBXBuildFile; fileRef = 8382C3B727AE6F6400C648D6 /* WrongAnswerCell.swift */; };
		83B9798F27AD1FA0003F86C9 /* ResultViewControllerTest.swift in Sources */ = {isa = PBXBuildFile; fileRef = 83B9798E27AD1FA0003F86C9 /* ResultViewControllerTest.swift */; };
		83B9799127AD2012003F86C9 /* ResultViewController.swift in Sources */ = {isa = PBXBuildFile; fileRef = 83B9799027AD2012003F86C9 /* ResultViewController.swift */; };
		83B9799327AD2063003F86C9 /* ResultViewController.xib in Resources */ = {isa = PBXBuildFile; fileRef = 83B9799227AD2063003F86C9 /* ResultViewController.xib */; };
		83B9799527AD28B7003F86C9 /* TableViewHelpers.swift in Sources */ = {isa = PBXBuildFile; fileRef = 83B9799427AD28B7003F86C9 /* TableViewHelpers.swift */; };
		83B9799727AD37DB003F86C9 /* CorrectAnswerCell.xib in Resources */ = {isa = PBXBuildFile; fileRef = 83B9799627AD37DB003F86C9 /* CorrectAnswerCell.xib */; };
		83B9799927AD3C0F003F86C9 /* WrongAnswerCell.xib in Resources */ = {isa = PBXBuildFile; fileRef = 83B9799827AD3C0F003F86C9 /* WrongAnswerCell.xib */; };
		83C3A9A527AA54C200B5D506 /* QuestionViewControllerTest.swift in Sources */ = {isa = PBXBuildFile; fileRef = 83C3A9A427AA54C200B5D506 /* QuestionViewControllerTest.swift */; };
		83C3A9A727AA558B00B5D506 /* QuestionViewController.swift in Sources */ = {isa = PBXBuildFile; fileRef = 83C3A9A627AA558B00B5D506 /* QuestionViewController.swift */; };
		83C3A9A927AA564900B5D506 /* QuestionViewController.xib in Resources */ = {isa = PBXBuildFile; fileRef = 83C3A9A827AA564900B5D506 /* QuestionViewController.xib */; };
/* End PBXBuildFile section */

/* Begin PBXContainerItemProxy section */
		835B312E27A90BB80055791F /* PBXContainerItemProxy */ = {
			isa = PBXContainerItemProxy;
			containerPortal = 835B310F27A90BB70055791F /* Project object */;
			proxyType = 1;
			remoteGlobalIDString = 835B311627A90BB70055791F;
			remoteInfo = QuizApp;
		};
		835B313827A90BB80055791F /* PBXContainerItemProxy */ = {
			isa = PBXContainerItemProxy;
			containerPortal = 835B310F27A90BB70055791F /* Project object */;
			proxyType = 1;
			remoteGlobalIDString = 835B311627A90BB70055791F;
			remoteInfo = QuizApp;
		};
/* End PBXContainerItemProxy section */

/* Begin PBXCopyFilesBuildPhase section */
		8339420B27AEE53000B428FB /* Embed Frameworks */ = {
			isa = PBXCopyFilesBuildPhase;
			buildActionMask = 2147483647;
			dstPath = "";
			dstSubfolderSpec = 10;
			files = (
				8339420A27AEE53000B428FB /* QuizEngineiOS.framework in Embed Frameworks */,
			);
			name = "Embed Frameworks";
			runOnlyForDeploymentPostprocessing = 0;
		};
/* End PBXCopyFilesBuildPhase section */

/* Begin PBXFileReference section */
		833941DF27AEE42D00B428FB /* QuizEngine.framework */ = {isa = PBXFileReference; explicitFileType = wrapper.framework; path = QuizEngine.framework; sourceTree = BUILT_PRODUCTS_DIR; };
		8339420827AEE53000B428FB /* QuizEngineiOS.framework */ = {isa = PBXFileReference; explicitFileType = wrapper.framework; path = QuizEngineiOS.framework; sourceTree = BUILT_PRODUCTS_DIR; };
		835B311727A90BB70055791F /* QuizApp.app */ = {isa = PBXFileReference; explicitFileType = wrapper.application; includeInIndex = 0; path = QuizApp.app; sourceTree = BUILT_PRODUCTS_DIR; };
		835B311A27A90BB70055791F /* AppDelegate.swift */ = {isa = PBXFileReference; lastKnownFileType = sourcecode.swift; path = AppDelegate.swift; sourceTree = "<group>"; };
		835B311C27A90BB70055791F /* SceneDelegate.swift */ = {isa = PBXFileReference; lastKnownFileType = sourcecode.swift; path = SceneDelegate.swift; sourceTree = "<group>"; };
		835B312327A90BB80055791F /* Assets.xcassets */ = {isa = PBXFileReference; lastKnownFileType = folder.assetcatalog; path = Assets.xcassets; sourceTree = "<group>"; };
		835B312627A90BB80055791F /* Base */ = {isa = PBXFileReference; lastKnownFileType = file.storyboard; name = Base; path = Base.lproj/LaunchScreen.storyboard; sourceTree = "<group>"; };
		835B312827A90BB80055791F /* Info.plist */ = {isa = PBXFileReference; lastKnownFileType = text.plist.xml; path = Info.plist; sourceTree = "<group>"; };
		835B312D27A90BB80055791F /* QuizAppTests.xctest */ = {isa = PBXFileReference; explicitFileType = wrapper.cfbundle; includeInIndex = 0; path = QuizAppTests.xctest; sourceTree = BUILT_PRODUCTS_DIR; };
		835B313727A90BB80055791F /* QuizAppUITests.xctest */ = {isa = PBXFileReference; explicitFileType = wrapper.cfbundle; includeInIndex = 0; path = QuizAppUITests.xctest; sourceTree = BUILT_PRODUCTS_DIR; };
		8367F31927AFA6CF00BCDF68 /* NavigationControllerRouterTest.swift */ = {isa = PBXFileReference; lastKnownFileType = sourcecode.swift; path = NavigationControllerRouterTest.swift; sourceTree = "<group>"; };
		8367F31B27AFA76F00BCDF68 /* NavigationControllerRouter.swift */ = {isa = PBXFileReference; lastKnownFileType = sourcecode.swift; path = NavigationControllerRouter.swift; sourceTree = "<group>"; };
		8382C3B127AE6F1A00C648D6 /* UITableViewExtensions.swift */ = {isa = PBXFileReference; lastKnownFileType = sourcecode.swift; path = UITableViewExtensions.swift; sourceTree = "<group>"; };
		8382C3B327AE6F3C00C648D6 /* PresentableAnswer.swift */ = {isa = PBXFileReference; lastKnownFileType = sourcecode.swift; path = PresentableAnswer.swift; sourceTree = "<group>"; };
		8382C3B527AE6F4D00C648D6 /* CorrectAnswerCell.swift */ = {isa = PBXFileReference; lastKnownFileType = sourcecode.swift; path = CorrectAnswerCell.swift; sourceTree = "<group>"; };
		8382C3B727AE6F6400C648D6 /* WrongAnswerCell.swift */ = {isa = PBXFileReference; lastKnownFileType = sourcecode.swift; path = WrongAnswerCell.swift; sourceTree = "<group>"; };
		83B9798E27AD1FA0003F86C9 /* ResultViewControllerTest.swift */ = {isa = PBXFileReference; lastKnownFileType = sourcecode.swift; path = ResultViewControllerTest.swift; sourceTree = "<group>"; };
		83B9799027AD2012003F86C9 /* ResultViewController.swift */ = {isa = PBXFileReference; lastKnownFileType = sourcecode.swift; path = ResultViewController.swift; sourceTree = "<group>"; };
		83B9799227AD2063003F86C9 /* ResultViewController.xib */ = {isa = PBXFileReference; lastKnownFileType = file.xib; path = ResultViewController.xib; sourceTree = "<group>"; };
		83B9799427AD28B7003F86C9 /* TableViewHelpers.swift */ = {isa = PBXFileReference; lastKnownFileType = sourcecode.swift; path = TableViewHelpers.swift; sourceTree = "<group>"; };
		83B9799627AD37DB003F86C9 /* CorrectAnswerCell.xib */ = {isa = PBXFileReference; lastKnownFileType = file.xib; path = CorrectAnswerCell.xib; sourceTree = "<group>"; };
		83B9799827AD3C0F003F86C9 /* WrongAnswerCell.xib */ = {isa = PBXFileReference; lastKnownFileType = file.xib; path = WrongAnswerCell.xib; sourceTree = "<group>"; };
		83C3A9A427AA54C200B5D506 /* QuestionViewControllerTest.swift */ = {isa = PBXFileReference; lastKnownFileType = sourcecode.swift; path = QuestionViewControllerTest.swift; sourceTree = "<group>"; };
		83C3A9A627AA558B00B5D506 /* QuestionViewController.swift */ = {isa = PBXFileReference; lastKnownFileType = sourcecode.swift; path = QuestionViewController.swift; sourceTree = "<group>"; };
		83C3A9A827AA564900B5D506 /* QuestionViewController.xib */ = {isa = PBXFileReference; lastKnownFileType = file.xib; path = QuestionViewController.xib; sourceTree = "<group>"; };
/* End PBXFileReference section */

/* Begin PBXFrameworksBuildPhase section */
		835B311427A90BB70055791F /* Frameworks */ = {
			isa = PBXFrameworksBuildPhase;
			buildActionMask = 2147483647;
			files = (
				8339420927AEE53000B428FB /* QuizEngineiOS.framework in Frameworks */,
			);
			runOnlyForDeploymentPostprocessing = 0;
		};
		835B312A27A90BB80055791F /* Frameworks */ = {
			isa = PBXFrameworksBuildPhase;
			buildActionMask = 2147483647;
			files = (
			);
			runOnlyForDeploymentPostprocessing = 0;
		};
		835B313427A90BB80055791F /* Frameworks */ = {
			isa = PBXFrameworksBuildPhase;
			buildActionMask = 2147483647;
			files = (
			);
			runOnlyForDeploymentPostprocessing = 0;
		};
/* End PBXFrameworksBuildPhase section */

/* Begin PBXGroup section */
		833941DE27AEE42D00B428FB /* Frameworks */ = {
			isa = PBXGroup;
			children = (
				8339420827AEE53000B428FB /* QuizEngineiOS.framework */,
				833941DF27AEE42D00B428FB /* QuizEngine.framework */,
			);
			name = Frameworks;
			sourceTree = "<group>";
		};
		835B310E27A90BB70055791F = {
			isa = PBXGroup;
			children = (
				835B311927A90BB70055791F /* QuizApp */,
				835B313027A90BB80055791F /* QuizAppTests */,
				835B311827A90BB70055791F /* Products */,
				833941DE27AEE42D00B428FB /* Frameworks */,
			);
			sourceTree = "<group>";
		};
		835B311827A90BB70055791F /* Products */ = {
			isa = PBXGroup;
			children = (
				835B311727A90BB70055791F /* QuizApp.app */,
				835B312D27A90BB80055791F /* QuizAppTests.xctest */,
				835B313727A90BB80055791F /* QuizAppUITests.xctest */,
			);
			name = Products;
			sourceTree = "<group>";
		};
		835B311927A90BB70055791F /* QuizApp */ = {
			isa = PBXGroup;
			children = (
				835B311A27A90BB70055791F /* AppDelegate.swift */,
				835B311C27A90BB70055791F /* SceneDelegate.swift */,
				835B312327A90BB80055791F /* Assets.xcassets */,
				835B312527A90BB80055791F /* LaunchScreen.storyboard */,
				835B312827A90BB80055791F /* Info.plist */,
				83C3A9A627AA558B00B5D506 /* QuestionViewController.swift */,
				83C3A9A827AA564900B5D506 /* QuestionViewController.xib */,
				83B9799027AD2012003F86C9 /* ResultViewController.swift */,
				83B9799227AD2063003F86C9 /* ResultViewController.xib */,
				83B9799627AD37DB003F86C9 /* CorrectAnswerCell.xib */,
				83B9799827AD3C0F003F86C9 /* WrongAnswerCell.xib */,
				8382C3B127AE6F1A00C648D6 /* UITableViewExtensions.swift */,
				8382C3B327AE6F3C00C648D6 /* PresentableAnswer.swift */,
				8382C3B527AE6F4D00C648D6 /* CorrectAnswerCell.swift */,
				8382C3B727AE6F6400C648D6 /* WrongAnswerCell.swift */,
				8367F31B27AFA76F00BCDF68 /* NavigationControllerRouter.swift */,
			);
			path = QuizApp;
			sourceTree = "<group>";
		};
		835B313027A90BB80055791F /* QuizAppTests */ = {
			isa = PBXGroup;
			children = (
				83C3A9A427AA54C200B5D506 /* QuestionViewControllerTest.swift */,
				83B9798E27AD1FA0003F86C9 /* ResultViewControllerTest.swift */,
				83B9799427AD28B7003F86C9 /* TableViewHelpers.swift */,
				8367F31927AFA6CF00BCDF68 /* NavigationControllerRouterTest.swift */,
			);
			path = QuizAppTests;
			sourceTree = "<group>";
		};
/* End PBXGroup section */

/* Begin PBXNativeTarget section */
		835B311627A90BB70055791F /* QuizApp */ = {
			isa = PBXNativeTarget;
			buildConfigurationList = 835B314127A90BB80055791F /* Build configuration list for PBXNativeTarget "QuizApp" */;
			buildPhases = (
				835B311327A90BB70055791F /* Sources */,
				835B311427A90BB70055791F /* Frameworks */,
				835B311527A90BB70055791F /* Resources */,
				8339420B27AEE53000B428FB /* Embed Frameworks */,
			);
			buildRules = (
			);
			dependencies = (
			);
			name = QuizApp;
			productName = QuizApp;
			productReference = 835B311727A90BB70055791F /* QuizApp.app */;
			productType = "com.apple.product-type.application";
		};
		835B312C27A90BB80055791F /* QuizAppTests */ = {
			isa = PBXNativeTarget;
			buildConfigurationList = 835B314427A90BB80055791F /* Build configuration list for PBXNativeTarget "QuizAppTests" */;
			buildPhases = (
				835B312927A90BB80055791F /* Sources */,
				835B312A27A90BB80055791F /* Frameworks */,
				835B312B27A90BB80055791F /* Resources */,
			);
			buildRules = (
			);
			dependencies = (
				835B312F27A90BB80055791F /* PBXTargetDependency */,
			);
			name = QuizAppTests;
			productName = QuizAppTests;
			productReference = 835B312D27A90BB80055791F /* QuizAppTests.xctest */;
			productType = "com.apple.product-type.bundle.unit-test";
		};
		835B313627A90BB80055791F /* QuizAppUITests */ = {
			isa = PBXNativeTarget;
			buildConfigurationList = 835B314727A90BB80055791F /* Build configuration list for PBXNativeTarget "QuizAppUITests" */;
			buildPhases = (
				835B313327A90BB80055791F /* Sources */,
				835B313427A90BB80055791F /* Frameworks */,
				835B313527A90BB80055791F /* Resources */,
			);
			buildRules = (
			);
			dependencies = (
				835B313927A90BB80055791F /* PBXTargetDependency */,
			);
			name = QuizAppUITests;
			productName = QuizAppUITests;
			productReference = 835B313727A90BB80055791F /* QuizAppUITests.xctest */;
			productType = "com.apple.product-type.bundle.ui-testing";
		};
/* End PBXNativeTarget section */

/* Begin PBXProject section */
		835B310F27A90BB70055791F /* Project object */ = {
			isa = PBXProject;
			attributes = {
				BuildIndependentTargetsInParallel = 1;
				LastSwiftUpdateCheck = 1320;
				LastUpgradeCheck = 1320;
				TargetAttributes = {
					835B311627A90BB70055791F = {
						CreatedOnToolsVersion = 13.2.1;
					};
					835B312C27A90BB80055791F = {
						CreatedOnToolsVersion = 13.2.1;
						LastSwiftMigration = 1320;
						TestTargetID = 835B311627A90BB70055791F;
					};
					835B313627A90BB80055791F = {
						CreatedOnToolsVersion = 13.2.1;
						TestTargetID = 835B311627A90BB70055791F;
					};
				};
			};
			buildConfigurationList = 835B311227A90BB70055791F /* Build configuration list for PBXProject "QuizApp" */;
			compatibilityVersion = "Xcode 13.0";
			developmentRegion = en;
			hasScannedForEncodings = 0;
			knownRegions = (
				en,
				Base,
			);
			mainGroup = 835B310E27A90BB70055791F;
			productRefGroup = 835B311827A90BB70055791F /* Products */;
			projectDirPath = "";
			projectRoot = "";
			targets = (
				835B311627A90BB70055791F /* QuizApp */,
				835B312C27A90BB80055791F /* QuizAppTests */,
				835B313627A90BB80055791F /* QuizAppUITests */,
			);
		};
/* End PBXProject section */

/* Begin PBXResourcesBuildPhase section */
		835B311527A90BB70055791F /* Resources */ = {
			isa = PBXResourcesBuildPhase;
			buildActionMask = 2147483647;
			files = (
				835B312727A90BB80055791F /* LaunchScreen.storyboard in Resources */,
				83B9799927AD3C0F003F86C9 /* WrongAnswerCell.xib in Resources */,
				835B312427A90BB80055791F /* Assets.xcassets in Resources */,
				83C3A9A927AA564900B5D506 /* QuestionViewController.xib in Resources */,
				83B9799727AD37DB003F86C9 /* CorrectAnswerCell.xib in Resources */,
				83B9799327AD2063003F86C9 /* ResultViewController.xib in Resources */,
			);
			runOnlyForDeploymentPostprocessing = 0;
		};
		835B312B27A90BB80055791F /* Resources */ = {
			isa = PBXResourcesBuildPhase;
			buildActionMask = 2147483647;
			files = (
			);
			runOnlyForDeploymentPostprocessing = 0;
		};
		835B313527A90BB80055791F /* Resources */ = {
			isa = PBXResourcesBuildPhase;
			buildActionMask = 2147483647;
			files = (
			);
			runOnlyForDeploymentPostprocessing = 0;
		};
/* End PBXResourcesBuildPhase section */

/* Begin PBXSourcesBuildPhase section */
		835B311327A90BB70055791F /* Sources */ = {
			isa = PBXSourcesBuildPhase;
			buildActionMask = 2147483647;
			files = (
				8382C3B227AE6F1A00C648D6 /* UITableViewExtensions.swift in Sources */,
				835B311B27A90BB70055791F /* AppDelegate.swift in Sources */,
				8382C3B627AE6F4D00C648D6 /* CorrectAnswerCell.swift in Sources */,
				835B311D27A90BB70055791F /* SceneDelegate.swift in Sources */,
				8382C3B427AE6F3C00C648D6 /* PresentableAnswer.swift in Sources */,
				8382C3B827AE6F6400C648D6 /* WrongAnswerCell.swift in Sources */,
				8367F31C27AFA76F00BCDF68 /* NavigationControllerRouter.swift in Sources */,
				83C3A9A727AA558B00B5D506 /* QuestionViewController.swift in Sources */,
				83B9799127AD2012003F86C9 /* ResultViewController.swift in Sources */,
			);
			runOnlyForDeploymentPostprocessing = 0;
		};
		835B312927A90BB80055791F /* Sources */ = {
			isa = PBXSourcesBuildPhase;
			buildActionMask = 2147483647;
			files = (
				8367F31A27AFA6CF00BCDF68 /* NavigationControllerRouterTest.swift in Sources */,
				83C3A9A527AA54C200B5D506 /* QuestionViewControllerTest.swift in Sources */,
				83B9799527AD28B7003F86C9 /* TableViewHelpers.swift in Sources */,
				83B9798F27AD1FA0003F86C9 /* ResultViewControllerTest.swift in Sources */,
			);
			runOnlyForDeploymentPostprocessing = 0;
		};
		835B313327A90BB80055791F /* Sources */ = {
			isa = PBXSourcesBuildPhase;
			buildActionMask = 2147483647;
			files = (
			);
			runOnlyForDeploymentPostprocessing = 0;
		};
/* End PBXSourcesBuildPhase section */

/* Begin PBXTargetDependency section */
		835B312F27A90BB80055791F /* PBXTargetDependency */ = {
			isa = PBXTargetDependency;
			target = 835B311627A90BB70055791F /* QuizApp */;
			targetProxy = 835B312E27A90BB80055791F /* PBXContainerItemProxy */;
		};
		835B313927A90BB80055791F /* PBXTargetDependency */ = {
			isa = PBXTargetDependency;
			target = 835B311627A90BB70055791F /* QuizApp */;
			targetProxy = 835B313827A90BB80055791F /* PBXContainerItemProxy */;
		};
/* End PBXTargetDependency section */

/* Begin PBXVariantGroup section */
		835B312527A90BB80055791F /* LaunchScreen.storyboard */ = {
			isa = PBXVariantGroup;
			children = (
				835B312627A90BB80055791F /* Base */,
			);
			name = LaunchScreen.storyboard;
			sourceTree = "<group>";
		};
/* End PBXVariantGroup section */

/* Begin XCBuildConfiguration section */
		835B313F27A90BB80055791F /* Debug */ = {
			isa = XCBuildConfiguration;
			buildSettings = {
				ALWAYS_SEARCH_USER_PATHS = NO;
				CLANG_ANALYZER_NONNULL = YES;
				CLANG_ANALYZER_NUMBER_OBJECT_CONVERSION = YES_AGGRESSIVE;
				CLANG_CXX_LANGUAGE_STANDARD = "gnu++17";
				CLANG_CXX_LIBRARY = "libc++";
				CLANG_ENABLE_MODULES = YES;
				CLANG_ENABLE_OBJC_ARC = YES;
				CLANG_ENABLE_OBJC_WEAK = YES;
				CLANG_WARN_BLOCK_CAPTURE_AUTORELEASING = YES;
				CLANG_WARN_BOOL_CONVERSION = YES;
				CLANG_WARN_COMMA = YES;
				CLANG_WARN_CONSTANT_CONVERSION = YES;
				CLANG_WARN_DEPRECATED_OBJC_IMPLEMENTATIONS = YES;
				CLANG_WARN_DIRECT_OBJC_ISA_USAGE = YES_ERROR;
				CLANG_WARN_DOCUMENTATION_COMMENTS = YES;
				CLANG_WARN_EMPTY_BODY = YES;
				CLANG_WARN_ENUM_CONVERSION = YES;
				CLANG_WARN_INFINITE_RECURSION = YES;
				CLANG_WARN_INT_CONVERSION = YES;
				CLANG_WARN_NON_LITERAL_NULL_CONVERSION = YES;
				CLANG_WARN_OBJC_IMPLICIT_RETAIN_SELF = YES;
				CLANG_WARN_OBJC_LITERAL_CONVERSION = YES;
				CLANG_WARN_OBJC_ROOT_CLASS = YES_ERROR;
				CLANG_WARN_QUOTED_INCLUDE_IN_FRAMEWORK_HEADER = YES;
				CLANG_WARN_RANGE_LOOP_ANALYSIS = YES;
				CLANG_WARN_STRICT_PROTOTYPES = YES;
				CLANG_WARN_SUSPICIOUS_MOVE = YES;
				CLANG_WARN_UNGUARDED_AVAILABILITY = YES_AGGRESSIVE;
				CLANG_WARN_UNREACHABLE_CODE = YES;
				CLANG_WARN__DUPLICATE_METHOD_MATCH = YES;
				COPY_PHASE_STRIP = NO;
				DEBUG_INFORMATION_FORMAT = dwarf;
				ENABLE_STRICT_OBJC_MSGSEND = YES;
				ENABLE_TESTABILITY = YES;
				GCC_C_LANGUAGE_STANDARD = gnu11;
				GCC_DYNAMIC_NO_PIC = NO;
				GCC_NO_COMMON_BLOCKS = YES;
				GCC_OPTIMIZATION_LEVEL = 0;
				GCC_PREPROCESSOR_DEFINITIONS = (
					"DEBUG=1",
					"$(inherited)",
				);
				GCC_WARN_64_TO_32_BIT_CONVERSION = YES;
				GCC_WARN_ABOUT_RETURN_TYPE = YES_ERROR;
				GCC_WARN_UNDECLARED_SELECTOR = YES;
				GCC_WARN_UNINITIALIZED_AUTOS = YES_AGGRESSIVE;
				GCC_WARN_UNUSED_FUNCTION = YES;
				GCC_WARN_UNUSED_VARIABLE = YES;
				IPHONEOS_DEPLOYMENT_TARGET = 15.2;
				MTL_ENABLE_DEBUG_INFO = INCLUDE_SOURCE;
				MTL_FAST_MATH = YES;
				ONLY_ACTIVE_ARCH = YES;
				SDKROOT = iphoneos;
				SWIFT_ACTIVE_COMPILATION_CONDITIONS = DEBUG;
				SWIFT_OPTIMIZATION_LEVEL = "-Onone";
			};
			name = Debug;
		};
		835B314027A90BB80055791F /* Release */ = {
			isa = XCBuildConfiguration;
			buildSettings = {
				ALWAYS_SEARCH_USER_PATHS = NO;
				CLANG_ANALYZER_NONNULL = YES;
				CLANG_ANALYZER_NUMBER_OBJECT_CONVERSION = YES_AGGRESSIVE;
				CLANG_CXX_LANGUAGE_STANDARD = "gnu++17";
				CLANG_CXX_LIBRARY = "libc++";
				CLANG_ENABLE_MODULES = YES;
				CLANG_ENABLE_OBJC_ARC = YES;
				CLANG_ENABLE_OBJC_WEAK = YES;
				CLANG_WARN_BLOCK_CAPTURE_AUTORELEASING = YES;
				CLANG_WARN_BOOL_CONVERSION = YES;
				CLANG_WARN_COMMA = YES;
				CLANG_WARN_CONSTANT_CONVERSION = YES;
				CLANG_WARN_DEPRECATED_OBJC_IMPLEMENTATIONS = YES;
				CLANG_WARN_DIRECT_OBJC_ISA_USAGE = YES_ERROR;
				CLANG_WARN_DOCUMENTATION_COMMENTS = YES;
				CLANG_WARN_EMPTY_BODY = YES;
				CLANG_WARN_ENUM_CONVERSION = YES;
				CLANG_WARN_INFINITE_RECURSION = YES;
				CLANG_WARN_INT_CONVERSION = YES;
				CLANG_WARN_NON_LITERAL_NULL_CONVERSION = YES;
				CLANG_WARN_OBJC_IMPLICIT_RETAIN_SELF = YES;
				CLANG_WARN_OBJC_LITERAL_CONVERSION = YES;
				CLANG_WARN_OBJC_ROOT_CLASS = YES_ERROR;
				CLANG_WARN_QUOTED_INCLUDE_IN_FRAMEWORK_HEADER = YES;
				CLANG_WARN_RANGE_LOOP_ANALYSIS = YES;
				CLANG_WARN_STRICT_PROTOTYPES = YES;
				CLANG_WARN_SUSPICIOUS_MOVE = YES;
				CLANG_WARN_UNGUARDED_AVAILABILITY = YES_AGGRESSIVE;
				CLANG_WARN_UNREACHABLE_CODE = YES;
				CLANG_WARN__DUPLICATE_METHOD_MATCH = YES;
				COPY_PHASE_STRIP = NO;
				DEBUG_INFORMATION_FORMAT = "dwarf-with-dsym";
				ENABLE_NS_ASSERTIONS = NO;
				ENABLE_STRICT_OBJC_MSGSEND = YES;
				GCC_C_LANGUAGE_STANDARD = gnu11;
				GCC_NO_COMMON_BLOCKS = YES;
				GCC_WARN_64_TO_32_BIT_CONVERSION = YES;
				GCC_WARN_ABOUT_RETURN_TYPE = YES_ERROR;
				GCC_WARN_UNDECLARED_SELECTOR = YES;
				GCC_WARN_UNINITIALIZED_AUTOS = YES_AGGRESSIVE;
				GCC_WARN_UNUSED_FUNCTION = YES;
				GCC_WARN_UNUSED_VARIABLE = YES;
				IPHONEOS_DEPLOYMENT_TARGET = 15.2;
				MTL_ENABLE_DEBUG_INFO = NO;
				MTL_FAST_MATH = YES;
				SDKROOT = iphoneos;
				SWIFT_COMPILATION_MODE = wholemodule;
				SWIFT_OPTIMIZATION_LEVEL = "-O";
				VALIDATE_PRODUCT = YES;
			};
			name = Release;
		};
		835B314227A90BB80055791F /* Debug */ = {
			isa = XCBuildConfiguration;
			buildSettings = {
				ASSETCATALOG_COMPILER_APPICON_NAME = AppIcon;
				ASSETCATALOG_COMPILER_GLOBAL_ACCENT_COLOR_NAME = AccentColor;
				CODE_SIGN_STYLE = Automatic;
				CURRENT_PROJECT_VERSION = 1;
				DEVELOPMENT_TEAM = 66B8DPX244;
				GENERATE_INFOPLIST_FILE = YES;
				INFOPLIST_FILE = QuizApp/Info.plist;
				INFOPLIST_KEY_UIApplicationSupportsIndirectInputEvents = YES;
				INFOPLIST_KEY_UILaunchStoryboardName = LaunchScreen;
				INFOPLIST_KEY_UISupportedInterfaceOrientations_iPad = "UIInterfaceOrientationPortrait UIInterfaceOrientationPortraitUpsideDown UIInterfaceOrientationLandscapeLeft UIInterfaceOrientationLandscapeRight";
				INFOPLIST_KEY_UISupportedInterfaceOrientations_iPhone = "UIInterfaceOrientationPortrait UIInterfaceOrientationLandscapeLeft UIInterfaceOrientationLandscapeRight";
				LD_RUNPATH_SEARCH_PATHS = (
					"$(inherited)",
					"@executable_path/Frameworks",
				);
				MARKETING_VERSION = 1.0;
				PRODUCT_BUNDLE_IDENTIFIER = com.tifoaudi.QuizApp;
				PRODUCT_NAME = "$(TARGET_NAME)";
				SWIFT_EMIT_LOC_STRINGS = YES;
				SWIFT_VERSION = 5.0;
				TARGETED_DEVICE_FAMILY = "1,2";
			};
			name = Debug;
		};
		835B314327A90BB80055791F /* Release */ = {
			isa = XCBuildConfiguration;
			buildSettings = {
				ASSETCATALOG_COMPILER_APPICON_NAME = AppIcon;
				ASSETCATALOG_COMPILER_GLOBAL_ACCENT_COLOR_NAME = AccentColor;
				CODE_SIGN_STYLE = Automatic;
				CURRENT_PROJECT_VERSION = 1;
				DEVELOPMENT_TEAM = 66B8DPX244;
				GENERATE_INFOPLIST_FILE = YES;
				INFOPLIST_FILE = QuizApp/Info.plist;
				INFOPLIST_KEY_UIApplicationSupportsIndirectInputEvents = YES;
				INFOPLIST_KEY_UILaunchStoryboardName = LaunchScreen;
				INFOPLIST_KEY_UISupportedInterfaceOrientations_iPad = "UIInterfaceOrientationPortrait UIInterfaceOrientationPortraitUpsideDown UIInterfaceOrientationLandscapeLeft UIInterfaceOrientationLandscapeRight";
				INFOPLIST_KEY_UISupportedInterfaceOrientations_iPhone = "UIInterfaceOrientationPortrait UIInterfaceOrientationLandscapeLeft UIInterfaceOrientationLandscapeRight";
				LD_RUNPATH_SEARCH_PATHS = (
					"$(inherited)",
					"@executable_path/Frameworks",
				);
				MARKETING_VERSION = 1.0;
				PRODUCT_BUNDLE_IDENTIFIER = com.tifoaudi.QuizApp;
				PRODUCT_NAME = "$(TARGET_NAME)";
				SWIFT_EMIT_LOC_STRINGS = YES;
				SWIFT_VERSION = 5.0;
				TARGETED_DEVICE_FAMILY = "1,2";
			};
			name = Release;
		};
		835B314527A90BB80055791F /* Debug */ = {
			isa = XCBuildConfiguration;
			buildSettings = {
				ALWAYS_EMBED_SWIFT_STANDARD_LIBRARIES = YES;
				BUNDLE_LOADER = "$(TEST_HOST)";
				CLANG_ENABLE_MODULES = YES;
				CODE_SIGN_STYLE = Automatic;
				CURRENT_PROJECT_VERSION = 1;
				DEVELOPMENT_TEAM = 66B8DPX244;
				GENERATE_INFOPLIST_FILE = YES;
				IPHONEOS_DEPLOYMENT_TARGET = 15.2;
				LD_RUNPATH_SEARCH_PATHS = (
					"$(inherited)",
					"@executable_path/Frameworks",
					"@loader_path/Frameworks",
				);
				MARKETING_VERSION = 1.0;
				PRODUCT_BUNDLE_IDENTIFIER = com.tifoaudi.QuizAppTests;
				PRODUCT_NAME = "$(TARGET_NAME)";
				SWIFT_EMIT_LOC_STRINGS = NO;
				SWIFT_OPTIMIZATION_LEVEL = "-Onone";
				SWIFT_VERSION = 5.0;
				TARGETED_DEVICE_FAMILY = "1,2";
				TEST_HOST = "$(BUILT_PRODUCTS_DIR)/QuizApp.app/QuizApp";
			};
			name = Debug;
		};
		835B314627A90BB80055791F /* Release */ = {
			isa = XCBuildConfiguration;
			buildSettings = {
				ALWAYS_EMBED_SWIFT_STANDARD_LIBRARIES = YES;
				BUNDLE_LOADER = "$(TEST_HOST)";
				CLANG_ENABLE_MODULES = YES;
				CODE_SIGN_STYLE = Automatic;
				CURRENT_PROJECT_VERSION = 1;
				DEVELOPMENT_TEAM = 66B8DPX244;
				GENERATE_INFOPLIST_FILE = YES;
				IPHONEOS_DEPLOYMENT_TARGET = 15.2;
				LD_RUNPATH_SEARCH_PATHS = (
					"$(inherited)",
					"@executable_path/Frameworks",
					"@loader_path/Frameworks",
				);
				MARKETING_VERSION = 1.0;
				PRODUCT_BUNDLE_IDENTIFIER = com.tifoaudi.QuizAppTests;
				PRODUCT_NAME = "$(TARGET_NAME)";
				SWIFT_EMIT_LOC_STRINGS = NO;
				SWIFT_VERSION = 5.0;
				TARGETED_DEVICE_FAMILY = "1,2";
				TEST_HOST = "$(BUILT_PRODUCTS_DIR)/QuizApp.app/QuizApp";
			};
			name = Release;
		};
		835B314827A90BB80055791F /* Debug */ = {
			isa = XCBuildConfiguration;
			buildSettings = {
				ALWAYS_EMBED_SWIFT_STANDARD_LIBRARIES = YES;
				CODE_SIGN_STYLE = Automatic;
				CURRENT_PROJECT_VERSION = 1;
				DEVELOPMENT_TEAM = 66B8DPX244;
				GENERATE_INFOPLIST_FILE = YES;
				MARKETING_VERSION = 1.0;
				PRODUCT_BUNDLE_IDENTIFIER = com.tifoaudi.QuizAppUITests;
				PRODUCT_NAME = "$(TARGET_NAME)";
				SWIFT_EMIT_LOC_STRINGS = NO;
				SWIFT_VERSION = 5.0;
				TARGETED_DEVICE_FAMILY = "1,2";
				TEST_TARGET_NAME = QuizApp;
			};
			name = Debug;
		};
		835B314927A90BB80055791F /* Release */ = {
			isa = XCBuildConfiguration;
			buildSettings = {
				ALWAYS_EMBED_SWIFT_STANDARD_LIBRARIES = YES;
				CODE_SIGN_STYLE = Automatic;
				CURRENT_PROJECT_VERSION = 1;
				DEVELOPMENT_TEAM = 66B8DPX244;
				GENERATE_INFOPLIST_FILE = YES;
				MARKETING_VERSION = 1.0;
				PRODUCT_BUNDLE_IDENTIFIER = com.tifoaudi.QuizAppUITests;
				PRODUCT_NAME = "$(TARGET_NAME)";
				SWIFT_EMIT_LOC_STRINGS = NO;
				SWIFT_VERSION = 5.0;
				TARGETED_DEVICE_FAMILY = "1,2";
				TEST_TARGET_NAME = QuizApp;
			};
			name = Release;
		};
/* End XCBuildConfiguration section */

/* Begin XCConfigurationList section */
		835B311227A90BB70055791F /* Build configuration list for PBXProject "QuizApp" */ = {
			isa = XCConfigurationList;
			buildConfigurations = (
				835B313F27A90BB80055791F /* Debug */,
				835B314027A90BB80055791F /* Release */,
			);
			defaultConfigurationIsVisible = 0;
			defaultConfigurationName = Release;
		};
		835B314127A90BB80055791F /* Build configuration list for PBXNativeTarget "QuizApp" */ = {
			isa = XCConfigurationList;
			buildConfigurations = (
				835B314227A90BB80055791F /* Debug */,
				835B314327A90BB80055791F /* Release */,
			);
			defaultConfigurationIsVisible = 0;
			defaultConfigurationName = Release;
		};
		835B314427A90BB80055791F /* Build configuration list for PBXNativeTarget "QuizAppTests" */ = {
			isa = XCConfigurationList;
			buildConfigurations = (
				835B314527A90BB80055791F /* Debug */,
				835B314627A90BB80055791F /* Release */,
			);
			defaultConfigurationIsVisible = 0;
			defaultConfigurationName = Release;
		};
		835B314727A90BB80055791F /* Build configuration list for PBXNativeTarget "QuizAppUITests" */ = {
			isa = XCConfigurationList;
			buildConfigurations = (
				835B314827A90BB80055791F /* Debug */,
				835B314927A90BB80055791F /* Release */,
			);
			defaultConfigurationIsVisible = 0;
			defaultConfigurationName = Release;
		};
/* End XCConfigurationList section */
	};
	rootObject = 835B310F27A90BB70055791F /* Project object */;
}
